
Microsoft Visual Studio Solution File, Format Version 12.00
# Visual Studio 2012
Project("{FAE04EC0-301F-11D3-BF4B-00C04F79EFBC}") = "Opendata", "Opendata\Opendata.csproj", "{AA0BF892-D748-4420-865B-49B53302B3C1}"
EndProject
Global
	GlobalSection(SolutionConfigurationPlatforms) = preSolution
		Debug|Any CPU = Debug|Any CPU
		Release|Any CPU = Release|Any CPU
	EndGlobalSection
	GlobalSection(ProjectConfigurationPlatforms) = postSolution
		{AA0BF892-D748-4420-865B-49B53302B3C1}.Debug|Any CPU.ActiveCfg = Debug|Any CPU
		{AA0BF892-D748-4420-865B-49B53302B3C1}.Debug|Any CPU.Build.0 = Debug|Any CPU
		{AA0BF892-D748-4420-865B-49B53302B3C1}.Release|Any CPU.ActiveCfg = Release|Any CPU
		{AA0BF892-D748-4420-865B-49B53302B3C1}.Release|Any CPU.Build.0 = Release|Any CPU
	EndGlobalSection
	GlobalSection(SolutionProperties) = preSolution
		HideSolutionNode = FALSE
	EndGlobalSection
EndGlobal
